# @generated - this file is auto-generated by `mise lock` https://mise.jdx.dev/dev-tools/mise-lock.html

[[tools."aqua:rustwasm/wasm-pack"]]
version = "0.15.0"
backend = "aqua:rustwasm/wasm-pack"

[tools."aqua:rustwasm/wasm-pack"."platforms.linux-arm64"]
checksum = "sha256:e17ef0806381c3a0acb9c9ddad643a49facaa5a2ecf657a421d4d8f3357a24b7"
url = "https://github.com/wasm-bindgen/wasm-pack/releases/download/v0.15.0/wasm-pack-v0.15.0-aarch64-unknown-linux-musl.tar.gz"
url_api = "https://api.github.com/repos/wasm-bindgen/wasm-pack/releases/assets/420850444"

[tools."aqua:rustwasm/wasm-pack"."platforms.linux-arm64-musl"]
checksum = "sha256:e17ef0806381c3a0acb9c9ddad643a49facaa5a2ecf657a421d4d8f3357a24b7"
url = "https://github.com/wasm-bindgen/wasm-pack/releases/download/v0.15.0/wasm-pack-v0.15.0-aarch64-unknown-linux-musl.tar.gz"
url_api = "https://api.github.com/repos/wasm-bindgen/wasm-pack/releases/assets/420850444"

[tools."aqua:rustwasm/wasm-pack"."platforms.linux-x64"]
checksum = "sha256:c09f971ecaed9a2efc80fdcea7a00ef6b53c7fadc8c57d1f61b53a6aa66b668a"
url = "https://github.com/wasm-bindgen/wasm-pack/releases/download/v0.15.0/wasm-pack-v0.15.0-x86_64-unknown-linux-musl.tar.gz"
url_api = "https://api.github.com/repos/wasm-bindgen/wasm-pack/releases/assets/420850440"

[tools."aqua:rustwasm/wasm-pack"."platforms.linux-x64-musl"]
checksum = "sha256:c09f971ecaed9a2efc80fdcea7a00ef6b53c7fadc8c57d1f61b53a6aa66b668a"
url = "https://github.com/wasm-bindgen/wasm-pack/releases/download/v0.15.0/wasm-pack-v0.15.0-x86_64-unknown-linux-musl.tar.gz"
url_api = "https://api.github.com/repos/wasm-bindgen/wasm-pack/releases/assets/420850440"

[tools."aqua:rustwasm/wasm-pack"."platforms.macos-arm64"]
checksum = "sha256:d3f1a4a33e95f8f0d7801b024e08624c479999ac96aa150908b2394015cd0363"
url = "https://github.com/wasm-bindgen/wasm-pack/releases/download/v0.15.0/wasm-pack-v0.15.0-x86_64-apple-darwin.tar.gz"
url_api = "https://api.github.com/repos/wasm-bindgen/wasm-pack/releases/assets/420850460"

[tools."aqua:rustwasm/wasm-pack"."platforms.macos-x64"]
checksum = "sha256:d3f1a4a33e95f8f0d7801b024e08624c479999ac96aa150908b2394015cd0363"
url = "https://github.com/wasm-bindgen/wasm-pack/releases/download/v0.15.0/wasm-pack-v0.15.0-x86_64-apple-darwin.tar.gz"
url_api = "https://api.github.com/repos/wasm-bindgen/wasm-pack/releases/assets/420850460"

[tools."aqua:rustwasm/wasm-pack"."platforms.windows-x64"]
checksum = "sha256:518dc51180c7bc864699c9279b3bc99025bc109123e0249a34ba34d130a509bf"
url = "https://github.com/wasm-bindgen/wasm-pack/releases/download/v0.15.0/wasm-pack-v0.15.0-x86_64-pc-windows-msvc.tar.gz"
url_api = "https://api.github.com/repos/wasm-bindgen/wasm-pack/releases/assets/420850448"

[[tools."cargo:cargo-auditable"]]
version = "0.7.5"
backend = "cargo:cargo-auditable"

[[tools."cargo:cargo-fuzz"]]
version = "0.13.2"
backend = "cargo:cargo-fuzz"

[[tools."cargo:cargo-pgrx"]]
version = "0.19.2"
backend = "cargo:cargo-pgrx"

[[tools.node]]
version = "24.21.0"
backend = "core:node"

[tools.node."platforms.linux-arm64"]
checksum = "sha256:724282c3b43aec998aa9527380465b45d229e021b58035f5f4f63095eabfe5d5"
url = "https://nodejs.org/dist/v24.21.0/node-v24.21.0-linux-arm64.tar.gz"

[tools.node."platforms.linux-arm64-musl"]
checksum = "sha256:3048b0811e158ca0d8672b59c839861763e144492980d8d29b369dfee45747e4"
url = "https://unofficial-builds.nodejs.org/download/release/v24.21.0/node-v24.21.0-linux-arm64-musl.tar.gz"

[tools.node."platforms.linux-x64"]
checksum = "sha256:6e1db87ef58b8819e5d5402eff1536491b18edd8eb7bee5ef7897876e88dc5ff"
url = "https://nodejs.org/dist/v24.21.0/node-v24.21.0-linux-x64.tar.gz"

[tools.node."platforms.linux-x64-musl"]
checksum = "sha256:01a713e34da98e7b4d2a3191ee7ca3f93dd0384d1a2ef23c379b2161ee6e133a"
url = "https://unofficial-builds.nodejs.org/download/release/v24.21.0/node-v24.21.0-linux-x64-musl.tar.gz"

[tools.node."platforms.macos-arm64"]
checksum = "sha256:bed7eea5325e1108f32ce5228ddd6a5f0f08a499ee42aa7442aea583702f6057"
url = "https://nodejs.org/dist/v24.21.0/node-v24.21.0-darwin-arm64.tar.gz"

[tools.node."platforms.macos-x64"]
checksum = "sha256:1462cb3b3046b815cf8ea436d3da450ec1a9f11dac7e5a46b0ada5305d7e8097"
url = "https://nodejs.org/dist/v24.21.0/node-v24.21.0-darwin-x64.tar.gz"

[tools.node."platforms.windows-x64"]
checksum = "sha256:158f7685b44de51f6c0df1d153526cbcd3e1bc739a8dfc607721cef75de9e541"
url = "https://nodejs.org/dist/v24.21.0/node-v24.21.0-win-x64.zip"

[[tools.rust]]
version = "1.97.1"
backend = "core:rust"

[tools.rust.options]
components = "clippy,llvm-tools,rustfmt"

[[tools.rust]]
version = "nightly-2026-07-20"
backend = "core:rust"

[tools.rust.options]
components = "rust-src"
